
Microsoft Visual Studio Solution File, Format Version 12.00
# Visual Studio Version 17
VisualStudioVersion = 17.0.31903.59
MinimumVisualStudioVersion = 10.0.40219.1
Project("{FAE04EC0-301F-11D3-BF4B-00C04F79EFBC}") = "ExemplosFundamentos", "ExemplosFundamentos.csproj", "{FBBBBB7A-2B0D-4CEA-9867-5ECE314D4AED}"
EndProject
Project("{FAE04EC0-301F-11D3-BF4B-00C04F79EFBC}") = "ExemploFundamentos.Common", "ExemploFundamentos.Common\ExemploFundamentos.Common.csproj", "{EBC222C8-2ACA-4470-BE5D-750F63A55551}"
EndProject
Global
	GlobalSection(SolutionConfigurationPlatforms) = preSolution
		Debug|Any CPU = Debug|Any CPU
		Release|Any CPU = Release|Any CPU
	EndGlobalSection
	GlobalSection(SolutionProperties) = preSolution
		HideSolutionNode = FALSE
	EndGlobalSection
	GlobalSection(ProjectConfigurationPlatforms) = postSolution
		{FBBBBB7A-2B0D-4CEA-9867-5ECE314D4AED}.Debug|Any CPU.ActiveCfg = Debug|Any CPU
		{FBBBBB7A-2B0D-4CEA-9867-5ECE314D4AED}.Debug|Any CPU.Build.0 = Debug|Any CPU
		{FBBBBB7A-2B0D-4CEA-9867-5ECE314D4AED}.Release|Any CPU.ActiveCfg = Release|Any CPU
		{FBBBBB7A-2B0D-4CEA-9867-5ECE314D4AED}.Release|Any CPU.Build.0 = Release|Any CPU
		{EBC222C8-2ACA-4470-BE5D-750F63A55551}.Debug|Any CPU.ActiveCfg = Debug|Any CPU
		{EBC222C8-2ACA-4470-BE5D-750F63A55551}.Debug|Any CPU.Build.0 = Debug|Any CPU
		{EBC222C8-2ACA-4470-BE5D-750F63A55551}.Release|Any CPU.ActiveCfg = Release|Any CPU
		{EBC222C8-2ACA-4470-BE5D-750F63A55551}.Release|Any CPU.Build.0 = Release|Any CPU
	EndGlobalSection
EndGlobal
